
Microsoft Visual Studio Solution File, Format Version 12.00
# Visual Studio Version 17
VisualStudioVersion = 17.13.35818.85
MinimumVisualStudioVersion = 10.0.40219.1
Project("{FAE04EC0-301F-11D3-BF4B-00C04F79EFBC}") = "Presentation", "Presentation\Presentation.csproj", "{E33E0D7B-9F6E-4403-9677-0416205AAE9D}"
EndProject
Project("{FAE04EC0-301F-11D3-BF4B-00C04F79EFBC}") = "Data", "Data\Data.csproj", "{459AEA08-E0B9-46AA-A98A-D15F039B0996}"
EndProject
Project("{FAE04EC0-301F-11D3-BF4B-00C04F79EFBC}") = "Business", "Business\Business.csproj", "{C1D54963-804D-4FB7-B739-7B8B9D26CD2B}"
EndProject
Global
	GlobalSection(SolutionConfigurationPlatforms) = preSolution
		Debug|Any CPU = Debug|Any CPU
		Release|Any CPU = Release|Any CPU
	EndGlobalSection
	GlobalSection(ProjectConfigurationPlatforms) = postSolution
		{E33E0D7B-9F6E-4403-9677-0416205AAE9D}.Debug|Any CPU.ActiveCfg = Debug|Any CPU
		{E33E0D7B-9F6E-4403-9677-0416205AAE9D}.Debug|Any CPU.Build.0 = Debug|Any CPU
		{E33E0D7B-9F6E-4403-9677-0416205AAE9D}.Release|Any CPU.ActiveCfg = Release|Any CPU
		{E33E0D7B-9F6E-4403-9677-0416205AAE9D}.Release|Any CPU.Build.0 = Release|Any CPU
		{459AEA08-E0B9-46AA-A98A-D15F039B0996}.Debug|Any CPU.ActiveCfg = Debug|Any CPU
		{459AEA08-E0B9-46AA-A98A-D15F039B0996}.Debug|Any CPU.Build.0 = Debug|Any CPU
		{459AEA08-E0B9-46AA-A98A-D15F039B0996}.Release|Any CPU.ActiveCfg = Release|Any CPU
		{459AEA08-E0B9-46AA-A98A-D15F039B0996}.Release|Any CPU.Build.0 = Release|Any CPU
		{C1D54963-804D-4FB7-B739-7B8B9D26CD2B}.Debug|Any CPU.ActiveCfg = Debug|Any CPU
		{C1D54963-804D-4FB7-B739-7B8B9D26CD2B}.Debug|Any CPU.Build.0 = Debug|Any CPU
		{C1D54963-804D-4FB7-B739-7B8B9D26CD2B}.Release|Any CPU.ActiveCfg = Release|Any CPU
		{C1D54963-804D-4FB7-B739-7B8B9D26CD2B}.Release|Any CPU.Build.0 = Release|Any CPU
	EndGlobalSection
	GlobalSection(SolutionProperties) = preSolution
		HideSolutionNode = FALSE
	EndGlobalSection
	GlobalSection(ExtensibilityGlobals) = postSolution
		SolutionGuid = {EA1DF26F-7F8C-4892-AB6E-76C741598B3B}
	EndGlobalSection
EndGlobal
